
Microsoft Visual Studio Solution File, Format Version 12.00
# Visual Studio Version 16
VisualStudioVersion = 16.0.28729.10
MinimumVisualStudioVersion = 10.0.40219.1
Project("{FAE04EC0-301F-11D3-BF4B-00C04F79EFBC}") = "StringRotation", "StringRotation\StringRotation.csproj", "{F19EF036-C86B-4953-BE77-D3945DE8C7C9}"
EndProject
Global
	GlobalSection(SolutionConfigurationPlatforms) = preSolution
		Debug|Any CPU = Debug|Any CPU
		Release|Any CPU = Release|Any CPU
	EndGlobalSection
	GlobalSection(ProjectConfigurationPlatforms) = postSolution
		{F19EF036-C86B-4953-BE77-D3945DE8C7C9}.Debug|Any CPU.ActiveCfg = Debug|Any CPU
		{F19EF036-C86B-4953-BE77-D3945DE8C7C9}.Debug|Any CPU.Build.0 = Debug|Any CPU
		{F19EF036-C86B-4953-BE77-D3945DE8C7C9}.Release|Any CPU.ActiveCfg = Release|Any CPU
		{F19EF036-C86B-4953-BE77-D3945DE8C7C9}.Release|Any CPU.Build.0 = Release|Any CPU
	EndGlobalSection
	GlobalSection(SolutionProperties) = preSolution
		HideSolutionNode = FALSE
	EndGlobalSection
	GlobalSection(ExtensibilityGlobals) = postSolution
		SolutionGuid = {98762C24-E960-4204-ABAC-B40D702730D1}
	EndGlobalSection
EndGlobal
